// !$*UTF8*$!
{
	archiveVersion = 1;
	classes = {
	};
	objectVersion = 46;
	objects = {

/* Begin PBXBuildFile section */
		BE6754C61BD5DE2900C8F974 /* AppDelegate.swift in Sources */ = {isa = PBXBuildFile; fileRef = BE6754C51BD5DE2900C8F974 /* AppDelegate.swift */; };
		BE6754C81BD5DE2900C8F974 /* ViewController.swift in Sources */ = {isa = PBXBuildFile; fileRef = BE6754C71BD5DE2900C8F974 /* ViewController.swift */; };
		BE6754CB1BD5DE2900C8F974 /* Main.storyboard in Resources */ = {isa = PBXBuildFile; fileRef = BE6754C91BD5DE2900C8F974 /* Main.storyboard */; };
		BE6754CD1BD5DE2900C8F974 /* Assets.xcassets in Resources */ = {isa = PBXBuildFile; fileRef = BE6754CC1BD5DE2900C8F974 /* Assets.xcassets */; };
		BE6754D01BD5DE2900C8F974 /* LaunchScreen.storyboard in Resources */ = {isa = PBXBuildFile; fileRef = BE6754CE1BD5DE2900C8F974 /* LaunchScreen.storyboard */; };
/* End PBXBuildFile section */

/* Begin PBXFileReference section */
		BE6754C21BD5DE2900C8F974 /* EasyBrowser.app */ = {isa = PBXFileReference; explicitFileType = wrapper.application; includeInIndex = 0; path = EasyBrowser.app; sourceTree = BUILT_PRODUCTS_DIR; };
		BE6754C51BD5DE2900C8F974 /* AppDelegate.swift */ = {isa = PBXFileReference; lastKnownFileType = sourcecode.swift; path = AppDelegate.swift; sourceTree = "<group>"; };
		BE6754C71BD5DE2900C8F974 /* ViewController.swift */ = {isa = PBXFileReference; lastKnownFileType = sourcecode.swift; path = ViewController.swift; sourceTree = "<group>"; };
		BE6754CA1BD5DE2900C8F974 /* Base */ = {isa = PBXFileReference; lastKnownFileType = file.storyboard; name = Base; path = Base.lproj/Main.storyboard; sourceTree = "<group>"; };
		BE6754CC1BD5DE2900C8F974 /* Assets.xcassets */ = {isa = PBXFileReference; lastKnownFileType = folder.assetcatalog; path = Assets.xcassets; sourceTree = "<group>"; };
		BE6754CF1BD5DE2900C8F974 /* Base */ = {isa = PBXFileReference; lastKnownFileType = file.storyboard; name = Base; path = Base.lproj/LaunchScreen.storyboard; sourceTree = "<group>"; };
		BE6754D11BD5DE2900C8F974 /* Info.plist */ = {isa = PBXFileReference; lastKnownFileType = text.plist.xml; path = Info.plist; sourceTree = "<group>"; };
		BEF6BC1A1BD5E7FC00185F22 /* LICENSE.md */ = {isa = PBXFileReference; fileEncoding = 4; lastKnownFileType = net.daringfireball.markdown; path = LICENSE.md; sourceTree = "<group>"; };
		BEF6BC1B1BD5E7FC00185F22 /* README.md */ = {isa = PBXFileReference; fileEncoding = 4; lastKnownFileType = net.daringfireball.markdown; path = README.md; sourceTree = "<group>"; };
/* End PBXFileReference section */

/* Begin PBXFrameworksBuildPhase section */
		BE6754BF1BD5DE2900C8F974 /* Frameworks */ = {
			isa = PBXFrameworksBuildPhase;
			buildActionMask = 2147483647;
			files = (
			);
			runOnlyForDeploymentPostprocessing = 0;
		};
/* End PBXFrameworksBuildPhase section */

/* Begin PBXGroup section */
		BE6754B91BD5DE2900C8F974 = {
			isa = PBXGroup;
			children = (
				BEF6BC1A1BD5E7FC00185F22 /* LICENSE.md */,
				BEF6BC1B1BD5E7FC00185F22 /* README.md */,
				BE6754C41BD5DE2900C8F974 /* EasyBrowser */,
				BE6754C31BD5DE2900C8F974 /* Products */,
			);
			sourceTree = "<group>";
		};
		BE6754C31BD5DE2900C8F974 /* Products */ = {
			isa = PBXGroup;
			children = (
				BE6754C21BD5DE2900C8F974 /* EasyBrowser.app */,
			);
			name = Products;
			sourceTree = "<group>";
		};
		BE6754C41BD5DE2900C8F974 /* EasyBrowser */ = {
			isa = PBXGroup;
			children = (
				BE6754C51BD5DE2900C8F974 /* AppDelegate.swift */,
				BE6754C71BD5DE2900C8F974 /* ViewController.swift */,
				BE6754C91BD5DE2900C8F974 /* Main.storyboard */,
				BE6754CC1BD5DE2900C8F974 /* Assets.xcassets */,
				BE6754CE1BD5DE2900C8F974 /* LaunchScreen.storyboard */,
				BE6754D11BD5DE2900C8F974 /* Info.plist */,
			);
			path = EasyBrowser;
			sourceTree = "<group>";
		};
/* End PBXGroup section */

/* Begin PBXNativeTarget section */
		BE6754C11BD5DE2900C8F974 /* EasyBrowser */ = {
			isa = PBXNativeTarget;
			buildConfigurationList = BE6754D41BD5DE2900C8F974 /* Build configuration list for PBXNativeTarget "EasyBrowser" */;
			buildPhases = (
				BE6754BE1BD5DE2900C8F974 /* Sources */,
				BE6754BF1BD5DE2900C8F974 /* Frameworks */,
				BE6754C01BD5DE2900C8F974 /* Resources */,
			);
			buildRules = (
			);
			dependencies = (
			);
			name = EasyBrowser;
			productName = EasyBrowser;
			productReference = BE6754C21BD5DE2900C8F974 /* EasyBrowser.app */;
			productType = "com.apple.product-type.application";
		};
/* End PBXNativeTarget section */

/* Begin PBXProject section */
		BE6754BA1BD5DE2900C8F974 /* Project object */ = {
			isa = PBXProject;
			attributes = {
				LastUpgradeCheck = 0700;
				ORGANIZATIONNAME = "Kenneth Wilcox";
				TargetAttributes = {
					BE6754C11BD5DE2900C8F974 = {
						CreatedOnToolsVersion = 7.0.1;
					};
				};
			};
			buildConfigurationList = BE6754BD1BD5DE2900C8F974 /* Build configuration list for PBXProject "EasyBrowser" */;
			compatibilityVersion = "Xcode 3.2";
			developmentRegion = English;
			hasScannedForEncodings = 0;
			knownRegions = (
				en,
				Base,
			);
			mainGroup = BE6754B91BD5DE2900C8F974;
			productRefGroup = BE6754C31BD5DE2900C8F974 /* Products */;
			projectDirPath = "";
			projectRoot = "";
			targets = (
				BE6754C11BD5DE2900C8F974 /* EasyBrowser */,
			);
		};
/* End PBXProject section */

/* Begin PBXResourcesBuildPhase section */
		BE6754C01BD5DE2900C8F974 /* Resources */ = {
			isa = PBXResourcesBuildPhase;
			buildActionMask = 2147483647;
			files = (
				BE6754D01BD5DE2900C8F974 /* LaunchScreen.storyboard in Resources */,
				BE6754CD1BD5DE2900C8F974 /* Assets.xcassets in Resources */,
				BE6754CB1BD5DE2900C8F974 /* Main.storyboard in Resources */,
			);
			runOnlyForDeploymentPostprocessing = 0;
		};
/* End PBXResourcesBuildPhase section */

/* Begin PBXSourcesBuildPhase section */
		BE6754BE1BD5DE2900C8F974 /* Sources */ = {
			isa = PBXSourcesBuildPhase;
			buildActionMask = 2147483647;
			files = (
				BE6754C81BD5DE2900C8F974 /* ViewController.swift in Sources */,
				BE6754C61BD5DE2900C8F974 /* AppDelegate.swift in Sources */,
			);
			runOnlyForDeploymentPostprocessing = 0;
		};
/* End PBXSourcesBuildPhase section */

/* Begin PBXVariantGroup section */
		BE6754C91BD5DE2900C8F974 /* Main.storyboard */ = {
			isa = PBXVariantGroup;
			children = (
				BE6754CA1BD5DE2900C8F974 /* Base */,
			);
			name = Main.storyboard;
			sourceTree = "<group>";
		};
		BE6754CE1BD5DE2900C8F974 /* LaunchScreen.storyboard */ = {
			isa = PBXVariantGroup;
			children = (
				BE6754CF1BD5DE2900C8F974 /* Base */,
			);
			name = LaunchScreen.storyboard;
			sourceTree = "<group>";
		};
/* End PBXVariantGroup section */

/* Begin XCBuildConfiguration section */
		BE6754D21BD5DE2900C8F974 /* Debug */ = {
			isa = XCBuildConfiguration;
			buildSettings = {
				ALWAYS_SEARCH_USER_PATHS = NO;
				CLANG_CXX_LANGUAGE_STANDARD = "gnu++0x";
				CLANG_CXX_LIBRARY = "libc++";
				CLANG_ENABLE_MODULES = YES;
				CLANG_ENABLE_OBJC_ARC = YES;
				CLANG_WARN_BOOL_CONVERSION = YES;
				CLANG_WARN_CONSTANT_CONVERSION = YES;
				CLANG_WARN_DIRECT_OBJC_ISA_USAGE = YES_ERROR;
				CLANG_WARN_EMPTY_BODY = YES;
				CLANG_WARN_ENUM_CONVERSION = YES;
				CLANG_WARN_INT_CONVERSION = YES;
				CLANG_WARN_OBJC_ROOT_CLASS = YES_ERROR;
				CLANG_WARN_UNREACHABLE_CODE = YES;
				CLANG_WARN__DUPLICATE_METHOD_MATCH = YES;
				"CODE_SIGN_IDENTITY[sdk=iphoneos*]" = "iPhone Developer";
				COPY_PHASE_STRIP = NO;
				DEBUG_INFORMATION_FORMAT = dwarf;
				ENABLE_STRICT_OBJC_MSGSEND = YES;
				ENABLE_TESTABILITY = YES;
				GCC_C_LANGUAGE_STANDARD = gnu99;
				GCC_DYNAMIC_NO_PIC = NO;
				GCC_NO_COMMON_BLOCKS = YES;
				GCC_OPTIMIZATION_LEVEL = 0;
				GCC_PREPROCESSOR_DEFINITIONS = (
					"DEBUG=1",
					"$(inherited)",
				);
				GCC_WARN_64_TO_32_BIT_CONVERSION = YES;
				GCC_WARN_ABOUT_RETURN_TYPE = YES_ERROR;
				GCC_WARN_UNDECLARED_SELECTOR = YES;
				GCC_WARN_UNINITIALIZED_AUTOS = YES_AGGRESSIVE;
				GCC_WARN_UNUSED_FUNCTION = YES;
				GCC_WARN_UNUSED_VARIABLE = YES;
				IPHONEOS_DEPLOYMENT_TARGET = 9.0;
				MTL_ENABLE_DEBUG_INFO = YES;
				ONLY_ACTIVE_ARCH = YES;
				SDKROOT = iphoneos;
				SWIFT_OPTIMIZATION_LEVEL = "-Onone";
				TARGETED_DEVICE_FAMILY = "1,2";
			};
			name = Debug;
		};
		BE6754D31BD5DE2900C8F974 /* Release */ = {
			isa = XCBuildConfiguration;
			buildSettings = {
				ALWAYS_SEARCH_USER_PATHS = NO;
				CLANG_CXX_LANGUAGE_STANDARD = "gnu++0x";
				CLANG_CXX_LIBRARY = "libc++";
				CLANG_ENABLE_MODULES = YES;
				CLANG_ENABLE_OBJC_ARC = YES;
				CLANG_WARN_BOOL_CONVERSION = YES;
				CLANG_WARN_CONSTANT_CONVERSION = YES;
				CLANG_WARN_DIRECT_OBJC_ISA_USAGE = YES_ERROR;
				CLANG_WARN_EMPTY_BODY = YES;
				CLANG_WARN_ENUM_CONVERSION = YES;
				CLANG_WARN_INT_CONVERSION = YES;
				CLANG_WARN_OBJC_ROOT_CLASS = YES_ERROR;
				CLANG_WARN_UNREACHABLE_CODE = YES;
				CLANG_WARN__DUPLICATE_METHOD_MATCH = YES;
				"CODE_SIGN_IDENTITY[sdk=iphoneos*]" = "iPhone Developer";
				COPY_PHASE_STRIP = NO;
				DEBUG_INFORMATION_FORMAT = "dwarf-with-dsym";
				ENABLE_NS_ASSERTIONS = NO;
				ENABLE_STRICT_OBJC_MSGSEND = YES;
				GCC_C_LANGUAGE_STANDARD = gnu99;
				GCC_NO_COMMON_BLOCKS = YES;
				GCC_WARN_64_TO_32_BIT_CONVERSION = YES;
				GCC_WARN_ABOUT_RETURN_TYPE = YES_ERROR;
				GCC_WARN_UNDECLARED_SELECTOR = YES;
				GCC_WARN_UNINITIALIZED_AUTOS = YES_AGGRESSIVE;
				GCC_WARN_UNUSED_FUNCTION = YES;
				GCC_WARN_UNUSED_VARIABLE = YES;
				IPHONEOS_DEPLOYMENT_TARGET = 9.0;
				MTL_ENABLE_DEBUG_INFO = NO;
				SDKROOT = iphoneos;
				TARGETED_DEVICE_FAMILY = "1,2";
				VALIDATE_PRODUCT = YES;
			};
			name = Release;
		};
		BE6754D51BD5DE2900C8F974 /* Debug */ = {
			isa = XCBuildConfiguration;
			buildSettings = {
				ASSETCATALOG_COMPILER_APPICON_NAME = AppIcon;
				INFOPLIST_FILE = EasyBrowser/Info.plist;
				LD_RUNPATH_SEARCH_PATHS = "$(inherited) @executable_path/Frameworks";
				PRODUCT_BUNDLE_IDENTIFIER = com.k3nx.EasyBrowser;
				PRODUCT_NAME = "$(TARGET_NAME)";
			};
			name = Debug;
		};
		BE6754D61BD5DE2900C8F974 /* Release */ = {
			isa = XCBuildConfiguration;
			buildSettings = {
				ASSETCATALOG_COMPILER_APPICON_NAME = AppIcon;
				INFOPLIST_FILE = EasyBrowser/Info.plist;
				LD_RUNPATH_SEARCH_PATHS = "$(inherited) @executable_path/Frameworks";
				PRODUCT_BUNDLE_IDENTIFIER = com.k3nx.EasyBrowser;
				PRODUCT_NAME = "$(TARGET_NAME)";
			};
			name = Release;
		};
/* End XCBuildConfiguration section */

/* Begin XCConfigurationList section */
		BE6754BD1BD5DE2900C8F974 /* Build configuration list for PBXProject "EasyBrowser" */ = {
			isa = XCConfigurationList;
			buildConfigurations = (
				BE6754D21BD5DE2900C8F974 /* Debug */,
				BE6754D31BD5DE2900C8F974 /* Release */,
			);
			defaultConfigurationIsVisible = 0;
			defaultConfigurationName = Release;
		};
		BE6754D41BD5DE2900C8F974 /* Build configuration list for PBXNativeTarget "EasyBrowser" */ = {
			isa = XCConfigurationList;
			buildConfigurations = (
				BE6754D51BD5DE2900C8F974 /* Debug */,
				BE6754D61BD5DE2900C8F974 /* Release */,
			);
			defaultConfigurationIsVisible = 0;
			defaultConfigurationName = Release;
		};
/* End XCConfigurationList section */
	};
	rootObject = BE6754BA1BD5DE2900C8F974 /* Project object */;
}
